// !$*UTF8*$!
{
	archiveVersion = 1;
	classes = {
	};
	objectVersion = 55;
	objects = {

/* Begin PBXBuildFile section */
		44D3C0F490AAE76D1428FAEC /* Pods_Messenger.framework in Frameworks */ = {isa = PBXBuildFile; fileRef = 58E8B2376C05CDD3318704A9 /* Pods_Messenger.framework */; };
		C987577C2781D2E800E233B4 /* AppDelegate.swift in Sources */ = {isa = PBXBuildFile; fileRef = C987577B2781D2E800E233B4 /* AppDelegate.swift */; };
		C987577E2781D2E800E233B4 /* SceneDelegate.swift in Sources */ = {isa = PBXBuildFile; fileRef = C987577D2781D2E800E233B4 /* SceneDelegate.swift */; };
		C98757802781D2E800E233B4 /* LoginViewController.swift in Sources */ = {isa = PBXBuildFile; fileRef = C987577F2781D2E800E233B4 /* LoginViewController.swift */; };
		C98757832781D2E800E233B4 /* Main.storyboard in Resources */ = {isa = PBXBuildFile; fileRef = C98757812781D2E800E233B4 /* Main.storyboard */; };
		C98757852781D2EA00E233B4 /* Assets.xcassets in Resources */ = {isa = PBXBuildFile; fileRef = C98757842781D2EA00E233B4 /* Assets.xcassets */; };
		C98757882781D2EA00E233B4 /* LaunchScreen.storyboard in Resources */ = {isa = PBXBuildFile; fileRef = C98757862781D2EA00E233B4 /* LaunchScreen.storyboard */; };
		C98757902781D8F800E233B4 /* GoogleService-Info.plist in Resources */ = {isa = PBXBuildFile; fileRef = C987578F2781D8F800E233B4 /* GoogleService-Info.plist */; };
		C9875792278338A900E233B4 /* User.swift in Sources */ = {isa = PBXBuildFile; fileRef = C9875791278338A900E233B4 /* User.swift */; };
		C98757972783534B00E233B4 /* FCollectionReference.swift in Sources */ = {isa = PBXBuildFile; fileRef = C98757962783534B00E233B4 /* FCollectionReference.swift */; };
		C987579A278354C000E233B4 /* FirebaseUserListener.swift in Sources */ = {isa = PBXBuildFile; fileRef = C9875799278354C000E233B4 /* FirebaseUserListener.swift */; };
		C987579D2784C5E400E233B4 /* Constants.swift in Sources */ = {isa = PBXBuildFile; fileRef = C987579C2784C5E400E233B4 /* Constants.swift */; };
		C987579F2785BE0900E233B4 /* SettingsTableViewController.swift in Sources */ = {isa = PBXBuildFile; fileRef = C987579E2785BE0900E233B4 /* SettingsTableViewController.swift */; };
		C98757A127873DB100E233B4 /* EditProfileTableViewController.swift in Sources */ = {isa = PBXBuildFile; fileRef = C98757A027873DB100E233B4 /* EditProfileTableViewController.swift */; };
		C990E4A727A97A0D00A94C8C /* StartChat.swift in Sources */ = {isa = PBXBuildFile; fileRef = C990E4A627A97A0D00A94C8C /* StartChat.swift */; };
		C990E4A927A97F8100A94C8C /* FirebaseRecentListener.swift in Sources */ = {isa = PBXBuildFile; fileRef = C990E4A827A97F8100A94C8C /* FirebaseRecentListener.swift */; };
		C9BB339D278B006900FC2179 /* FileStorage.swift in Sources */ = {isa = PBXBuildFile; fileRef = C9BB339C278B006900FC2179 /* FileStorage.swift */; };
		C9BB339F278C656B00FC2179 /* GlobalFunctions.swift in Sources */ = {isa = PBXBuildFile; fileRef = C9BB339E278C656B00FC2179 /* GlobalFunctions.swift */; };
		C9BB33A1278D990200FC2179 /* Extensions.swift in Sources */ = {isa = PBXBuildFile; fileRef = C9BB33A0278D990200FC2179 /* Extensions.swift */; };
		C9BB33A3278DB3A400FC2179 /* Status.swift in Sources */ = {isa = PBXBuildFile; fileRef = C9BB33A2278DB3A400FC2179 /* Status.swift */; };
		C9BB33A5278DC8E600FC2179 /* StatusTableViewController.swift in Sources */ = {isa = PBXBuildFile; fileRef = C9BB33A4278DC8E600FC2179 /* StatusTableViewController.swift */; };
		C9CB4E7C27C2372C00C6DD83 /* LocalMessages.swift in Sources */ = {isa = PBXBuildFile; fileRef = C9CB4E7B27C2372C00C6DD83 /* LocalMessages.swift */; };
		C9CB4E8A27C4C3FD00C6DD83 /* RealmManager.swift in Sources */ = {isa = PBXBuildFile; fileRef = C9CB4E8927C4C3FD00C6DD83 /* RealmManager.swift */; };
		C9D7F76327A0A3BC00334718 /* UserTableViewCell.swift in Sources */ = {isa = PBXBuildFile; fileRef = C9D7F76227A0A3BC00334718 /* UserTableViewCell.swift */; };
		C9D7F76527A0A3EB00334718 /* UsersTableViewController.swift in Sources */ = {isa = PBXBuildFile; fileRef = C9D7F76427A0A3EB00334718 /* UsersTableViewController.swift */; };
		C9D7F76C27A6EFA900334718 /* ProfileTableViewController.swift in Sources */ = {isa = PBXBuildFile; fileRef = C9D7F76B27A6EFA900334718 /* ProfileTableViewController.swift */; };
		C9D7F76F27A73AF800334718 /* RecentChat.swift in Sources */ = {isa = PBXBuildFile; fileRef = C9D7F76E27A73AF800334718 /* RecentChat.swift */; };
		C9D7F77127A7C58600334718 /* RecentTableViewCell.swift in Sources */ = {isa = PBXBuildFile; fileRef = C9D7F77027A7C58600334718 /* RecentTableViewCell.swift */; };
		C9FAA04027BBC6FA00371019 /* ChatsTableViewController.swift in Sources */ = {isa = PBXBuildFile; fileRef = C9FAA03F27BBC6FA00371019 /* ChatsTableViewController.swift */; };
		C9FAA04227BBECCA00371019 /* ChatViewController.swift in Sources */ = {isa = PBXBuildFile; fileRef = C9FAA04127BBECCA00371019 /* ChatViewController.swift */; };
		C9FAA04427BEA2AC00371019 /* MessageDataSource.swift in Sources */ = {isa = PBXBuildFile; fileRef = C9FAA04327BEA2AC00371019 /* MessageDataSource.swift */; };
		C9FAA04727BEA2E600371019 /* MessageCellDelegate.swift in Sources */ = {isa = PBXBuildFile; fileRef = C9FAA04627BEA2E600371019 /* MessageCellDelegate.swift */; };
		C9FAA04927BEA30D00371019 /* MessageDisplayDelegate.swift in Sources */ = {isa = PBXBuildFile; fileRef = C9FAA04827BEA30D00371019 /* MessageDisplayDelegate.swift */; };
		C9FAA04B27BEA65200371019 /* MessegeLayoutDelegate.swift in Sources */ = {isa = PBXBuildFile; fileRef = C9FAA04A27BEA65200371019 /* MessegeLayoutDelegate.swift */; };
		C9FAA04D27BEA68200371019 /* InputBarAccessoryViewDelegate.swift in Sources */ = {isa = PBXBuildFile; fileRef = C9FAA04C27BEA68200371019 /* InputBarAccessoryViewDelegate.swift */; };
		C9FAA04F27BEA8FA00371019 /* MessageKitDefaults.swift in Sources */ = {isa = PBXBuildFile; fileRef = C9FAA04E27BEA8FA00371019 /* MessageKitDefaults.swift */; };
		C9FAA05127BEAAF300371019 /* MKMessage.swift in Sources */ = {isa = PBXBuildFile; fileRef = C9FAA05027BEAAF300371019 /* MKMessage.swift */; };
/* End PBXBuildFile section */

/* Begin PBXFileReference section */
		3744EB1F42A00399BBA7D301 /* Pods-Messenger.release.xcconfig */ = {isa = PBXFileReference; includeInIndex = 1; lastKnownFileType = text.xcconfig; name = "Pods-Messenger.release.xcconfig"; path = "Target Support Files/Pods-Messenger/Pods-Messenger.release.xcconfig"; sourceTree = "<group>"; };
		58E8B2376C05CDD3318704A9 /* Pods_Messenger.framework */ = {isa = PBXFileReference; explicitFileType = wrapper.framework; includeInIndex = 0; path = Pods_Messenger.framework; sourceTree = BUILT_PRODUCTS_DIR; };
		ADF77E45942406D7265C3569 /* Pods-Messenger.debug.xcconfig */ = {isa = PBXFileReference; includeInIndex = 1; lastKnownFileType = text.xcconfig; name = "Pods-Messenger.debug.xcconfig"; path = "Target Support Files/Pods-Messenger/Pods-Messenger.debug.xcconfig"; sourceTree = "<group>"; };
		C98757782781D2E800E233B4 /* Messenger.app */ = {isa = PBXFileReference; explicitFileType = wrapper.application; includeInIndex = 0; path = Messenger.app; sourceTree = BUILT_PRODUCTS_DIR; };
		C987577B2781D2E800E233B4 /* AppDelegate.swift */ = {isa = PBXFileReference; lastKnownFileType = sourcecode.swift; path = AppDelegate.swift; sourceTree = "<group>"; };
		C987577D2781D2E800E233B4 /* SceneDelegate.swift */ = {isa = PBXFileReference; lastKnownFileType = sourcecode.swift; path = SceneDelegate.swift; sourceTree = "<group>"; };
		C987577F2781D2E800E233B4 /* LoginViewController.swift */ = {isa = PBXFileReference; lastKnownFileType = sourcecode.swift; path = LoginViewController.swift; sourceTree = "<group>"; };
		C98757822781D2E800E233B4 /* Base */ = {isa = PBXFileReference; lastKnownFileType = file.storyboard; name = Base; path = Base.lproj/Main.storyboard; sourceTree = "<group>"; };
		C98757842781D2EA00E233B4 /* Assets.xcassets */ = {isa = PBXFileReference; lastKnownFileType = folder.assetcatalog; path = Assets.xcassets; sourceTree = "<group>"; };
		C98757872781D2EA00E233B4 /* Base */ = {isa = PBXFileReference; lastKnownFileType = file.storyboard; name = Base; path = Base.lproj/LaunchScreen.storyboard; sourceTree = "<group>"; };
		C98757892781D2EA00E233B4 /* Info.plist */ = {isa = PBXFileReference; lastKnownFileType = text.plist.xml; path = Info.plist; sourceTree = "<group>"; };
		C987578F2781D8F800E233B4 /* GoogleService-Info.plist */ = {isa = PBXFileReference; fileEncoding = 4; lastKnownFileType = text.plist.xml; name = "GoogleService-Info.plist"; path = "../../../../Downloads/GoogleService-Info.plist"; sourceTree = "<group>"; };
		C9875791278338A900E233B4 /* User.swift */ = {isa = PBXFileReference; lastKnownFileType = sourcecode.swift; path = User.swift; sourceTree = "<group>"; };
		C98757962783534B00E233B4 /* FCollectionReference.swift */ = {isa = PBXFileReference; lastKnownFileType = sourcecode.swift; path = FCollectionReference.swift; sourceTree = "<group>"; };
		C9875799278354C000E233B4 /* FirebaseUserListener.swift */ = {isa = PBXFileReference; lastKnownFileType = sourcecode.swift; path = FirebaseUserListener.swift; sourceTree = "<group>"; };
		C987579C2784C5E400E233B4 /* Constants.swift */ = {isa = PBXFileReference; lastKnownFileType = sourcecode.swift; path = Constants.swift; sourceTree = "<group>"; };
		C987579E2785BE0900E233B4 /* SettingsTableViewController.swift */ = {isa = PBXFileReference; lastKnownFileType = sourcecode.swift; path = SettingsTableViewController.swift; sourceTree = "<group>"; };
		C98757A027873DB100E233B4 /* EditProfileTableViewController.swift */ = {isa = PBXFileReference; lastKnownFileType = sourcecode.swift; path = EditProfileTableViewController.swift; sourceTree = "<group>"; };
		C990E4A627A97A0D00A94C8C /* StartChat.swift */ = {isa = PBXFileReference; lastKnownFileType = sourcecode.swift; path = StartChat.swift; sourceTree = "<group>"; };
		C990E4A827A97F8100A94C8C /* FirebaseRecentListener.swift */ = {isa = PBXFileReference; lastKnownFileType = sourcecode.swift; path = FirebaseRecentListener.swift; sourceTree = "<group>"; };
		C9BB339C278B006900FC2179 /* FileStorage.swift */ = {isa = PBXFileReference; lastKnownFileType = sourcecode.swift; path = FileStorage.swift; sourceTree = "<group>"; };
		C9BB339E278C656B00FC2179 /* GlobalFunctions.swift */ = {isa = PBXFileReference; lastKnownFileType = sourcecode.swift; path = GlobalFunctions.swift; sourceTree = "<group>"; };
		C9BB33A0278D990200FC2179 /* Extensions.swift */ = {isa = PBXFileReference; lastKnownFileType = sourcecode.swift; path = Extensions.swift; sourceTree = "<group>"; };
		C9BB33A2278DB3A400FC2179 /* Status.swift */ = {isa = PBXFileReference; lastKnownFileType = sourcecode.swift; path = Status.swift; sourceTree = "<group>"; };
		C9BB33A4278DC8E600FC2179 /* StatusTableViewController.swift */ = {isa = PBXFileReference; lastKnownFileType = sourcecode.swift; path = StatusTableViewController.swift; sourceTree = "<group>"; };
		C9CB4E7B27C2372C00C6DD83 /* LocalMessages.swift */ = {isa = PBXFileReference; lastKnownFileType = sourcecode.swift; path = LocalMessages.swift; sourceTree = "<group>"; };
		C9CB4E8927C4C3FD00C6DD83 /* RealmManager.swift */ = {isa = PBXFileReference; lastKnownFileType = sourcecode.swift; path = RealmManager.swift; sourceTree = "<group>"; };
		C9D7F76227A0A3BC00334718 /* UserTableViewCell.swift */ = {isa = PBXFileReference; lastKnownFileType = sourcecode.swift; path = UserTableViewCell.swift; sourceTree = "<group>"; };
		C9D7F76427A0A3EB00334718 /* UsersTableViewController.swift */ = {isa = PBXFileReference; lastKnownFileType = sourcecode.swift; path = UsersTableViewController.swift; sourceTree = "<group>"; };
		C9D7F76B27A6EFA900334718 /* ProfileTableViewController.swift */ = {isa = PBXFileReference; lastKnownFileType = sourcecode.swift; path = ProfileTableViewController.swift; sourceTree = "<group>"; };
		C9D7F76E27A73AF800334718 /* RecentChat.swift */ = {isa = PBXFileReference; lastKnownFileType = sourcecode.swift; path = RecentChat.swift; sourceTree = "<group>"; };
		C9D7F77027A7C58600334718 /* RecentTableViewCell.swift */ = {isa = PBXFileReference; lastKnownFileType = sourcecode.swift; path = RecentTableViewCell.swift; sourceTree = "<group>"; };
		C9FAA03F27BBC6FA00371019 /* ChatsTableViewController.swift */ = {isa = PBXFileReference; lastKnownFileType = sourcecode.swift; path = ChatsTableViewController.swift; sourceTree = "<group>"; };
		C9FAA04127BBECCA00371019 /* ChatViewController.swift */ = {isa = PBXFileReference; lastKnownFileType = sourcecode.swift; path = ChatViewController.swift; sourceTree = "<group>"; };
		C9FAA04327BEA2AC00371019 /* MessageDataSource.swift */ = {isa = PBXFileReference; lastKnownFileType = sourcecode.swift; path = MessageDataSource.swift; sourceTree = "<group>"; };
		C9FAA04627BEA2E600371019 /* MessageCellDelegate.swift */ = {isa = PBXFileReference; lastKnownFileType = sourcecode.swift; path = MessageCellDelegate.swift; sourceTree = "<group>"; };
		C9FAA04827BEA30D00371019 /* MessageDisplayDelegate.swift */ = {isa = PBXFileReference; lastKnownFileType = sourcecode.swift; path = MessageDisplayDelegate.swift; sourceTree = "<group>"; };
		C9FAA04A27BEA65200371019 /* MessegeLayoutDelegate.swift */ = {isa = PBXFileReference; lastKnownFileType = sourcecode.swift; path = MessegeLayoutDelegate.swift; sourceTree = "<group>"; };
		C9FAA04C27BEA68200371019 /* InputBarAccessoryViewDelegate.swift */ = {isa = PBXFileReference; lastKnownFileType = sourcecode.swift; path = InputBarAccessoryViewDelegate.swift; sourceTree = "<group>"; };
		C9FAA04E27BEA8FA00371019 /* MessageKitDefaults.swift */ = {isa = PBXFileReference; lastKnownFileType = sourcecode.swift; path = MessageKitDefaults.swift; sourceTree = "<group>"; };
		C9FAA05027BEAAF300371019 /* MKMessage.swift */ = {isa = PBXFileReference; lastKnownFileType = sourcecode.swift; path = MKMessage.swift; sourceTree = "<group>"; };
/* End PBXFileReference section */

/* Begin PBXFrameworksBuildPhase section */
		C98757752781D2E800E233B4 /* Frameworks */ = {
			isa = PBXFrameworksBuildPhase;
			buildActionMask = 2147483647;
			files = (
				44D3C0F490AAE76D1428FAEC /* Pods_Messenger.framework in Frameworks */,
			);
			runOnlyForDeploymentPostprocessing = 0;
		};
/* End PBXFrameworksBuildPhase section */

/* Begin PBXGroup section */
		3C858FC701809FECE928E626 /* Frameworks */ = {
			isa = PBXGroup;
			children = (
				58E8B2376C05CDD3318704A9 /* Pods_Messenger.framework */,
			);
			name = Frameworks;
			sourceTree = "<group>";
		};
		C987576F2781D2E800E233B4 = {
			isa = PBXGroup;
			children = (
				C987577A2781D2E800E233B4 /* Messenger */,
				C98757792781D2E800E233B4 /* Products */,
				EAFC2B91E9BDAD67ED7C312D /* Pods */,
				3C858FC701809FECE928E626 /* Frameworks */,
			);
			sourceTree = "<group>";
		};
		C98757792781D2E800E233B4 /* Products */ = {
			isa = PBXGroup;
			children = (
				C98757782781D2E800E233B4 /* Messenger.app */,
			);
			name = Products;
			sourceTree = "<group>";
		};
		C987577A2781D2E800E233B4 /* Messenger */ = {
			isa = PBXGroup;
			children = (
				C987577B2781D2E800E233B4 /* AppDelegate.swift */,
				C987577D2781D2E800E233B4 /* SceneDelegate.swift */,
				C9D7F76A27A6EF6300334718 /* MainViews */,
				C9D7F76D27A6EFC300334718 /* SecondaryViews */,
				C9D7F76927A6EF4900334718 /* LoginViews */,
				C9D7F76727A6EF1B00334718 /* SettingsView */,
				C9D7F76827A6EF3400334718 /* CustomCells */,
				C98757982783545600E233B4 /* FirebaseHelpers */,
				C9875793278338B100E233B4 /* Model */,
				C987579B27848E0500E233B4 /* Helpers */,
				C98757812781D2E800E233B4 /* Main.storyboard */,
				C98757842781D2EA00E233B4 /* Assets.xcassets */,
				C98757862781D2EA00E233B4 /* LaunchScreen.storyboard */,
				C98757892781D2EA00E233B4 /* Info.plist */,
				C987578F2781D8F800E233B4 /* GoogleService-Info.plist */,
			);
			path = Messenger;
			sourceTree = "<group>";
		};
		C9875793278338B100E233B4 /* Model */ = {
			isa = PBXGroup;
			children = (
				C9875791278338A900E233B4 /* User.swift */,
				C9D7F76E27A73AF800334718 /* RecentChat.swift */,
				C9BB33A2278DB3A400FC2179 /* Status.swift */,
				C9FAA05027BEAAF300371019 /* MKMessage.swift */,
				C9CB4E7D27C2373300C6DD83 /* RealmMessages */,
			);
			path = Model;
			sourceTree = "<group>";
		};
		C98757982783545600E233B4 /* FirebaseHelpers */ = {
			isa = PBXGroup;
			children = (
				C98757962783534B00E233B4 /* FCollectionReference.swift */,
				C9875799278354C000E233B4 /* FirebaseUserListener.swift */,
				C990E4A827A97F8100A94C8C /* FirebaseRecentListener.swift */,
				C9BB339C278B006900FC2179 /* FileStorage.swift */,
			);
			path = FirebaseHelpers;
			sourceTree = "<group>";
		};
		C987579B27848E0500E233B4 /* Helpers */ = {
			isa = PBXGroup;
			children = (
				C987579C2784C5E400E233B4 /* Constants.swift */,
				C9BB339E278C656B00FC2179 /* GlobalFunctions.swift */,
				C9FAA04E27BEA8FA00371019 /* MessageKitDefaults.swift */,
				C990E4A627A97A0D00A94C8C /* StartChat.swift */,
				C9BB33A0278D990200FC2179 /* Extensions.swift */,
			);
			path = Helpers;
			sourceTree = "<group>";
		};
		C9CB4E7D27C2373300C6DD83 /* RealmMessages */ = {
			isa = PBXGroup;
			children = (
				C9CB4E7B27C2372C00C6DD83 /* LocalMessages.swift */,
				C9CB4E8927C4C3FD00C6DD83 /* RealmManager.swift */,
			);
			path = RealmMessages;
			sourceTree = "<group>";
		};
		C9D7F76727A6EF1B00334718 /* SettingsView */ = {
			isa = PBXGroup;
			children = (
				C987579E2785BE0900E233B4 /* SettingsTableViewController.swift */,
				C9BB33A4278DC8E600FC2179 /* StatusTableViewController.swift */,
				C98757A027873DB100E233B4 /* EditProfileTableViewController.swift */,
			);
			path = SettingsView;
			sourceTree = "<group>";
		};
		C9D7F76827A6EF3400334718 /* CustomCells */ = {
			isa = PBXGroup;
			children = (
				C9D7F76227A0A3BC00334718 /* UserTableViewCell.swift */,
				C9D7F77027A7C58600334718 /* RecentTableViewCell.swift */,
			);
			path = CustomCells;
			sourceTree = "<group>";
		};
		C9D7F76927A6EF4900334718 /* LoginViews */ = {
			isa = PBXGroup;
			children = (
				C987577F2781D2E800E233B4 /* LoginViewController.swift */,
			);
			path = LoginViews;
			sourceTree = "<group>";
		};
		C9D7F76A27A6EF6300334718 /* MainViews */ = {
			isa = PBXGroup;
			children = (
				C9D7F76427A0A3EB00334718 /* UsersTableViewController.swift */,
				C9FAA03F27BBC6FA00371019 /* ChatsTableViewController.swift */,
			);
			path = MainViews;
			sourceTree = "<group>";
		};
		C9D7F76D27A6EFC300334718 /* SecondaryViews */ = {
			isa = PBXGroup;
			children = (
				C9D7F76B27A6EFA900334718 /* ProfileTableViewController.swift */,
				C9FAA04127BBECCA00371019 /* ChatViewController.swift */,
				C9FAA04527BEA2B500371019 /* ChatViewExtentions */,
			);
			path = SecondaryViews;
			sourceTree = "<group>";
		};
		C9FAA04527BEA2B500371019 /* ChatViewExtentions */ = {
			isa = PBXGroup;
			children = (
				C9FAA04327BEA2AC00371019 /* MessageDataSource.swift */,
				C9FAA04627BEA2E600371019 /* MessageCellDelegate.swift */,
				C9FAA04827BEA30D00371019 /* MessageDisplayDelegate.swift */,
				C9FAA04A27BEA65200371019 /* MessegeLayoutDelegate.swift */,
				C9FAA04C27BEA68200371019 /* InputBarAccessoryViewDelegate.swift */,
			);
			path = ChatViewExtentions;
			sourceTree = "<group>";
		};
		EAFC2B91E9BDAD67ED7C312D /* Pods */ = {
			isa = PBXGroup;
			children = (
				ADF77E45942406D7265C3569 /* Pods-Messenger.debug.xcconfig */,
				3744EB1F42A00399BBA7D301 /* Pods-Messenger.release.xcconfig */,
			);
			path = Pods;
			sourceTree = "<group>";
		};
/* End PBXGroup section */

/* Begin PBXNativeTarget section */
		C98757772781D2E800E233B4 /* Messenger */ = {
			isa = PBXNativeTarget;
			buildConfigurationList = C987578C2781D2EA00E233B4 /* Build configuration list for PBXNativeTarget "Messenger" */;
			buildPhases = (
				30482C96315109005D68B313 /* [CP] Check Pods Manifest.lock */,
				C98757742781D2E800E233B4 /* Sources */,
				C98757752781D2E800E233B4 /* Frameworks */,
				C98757762781D2E800E233B4 /* Resources */,
				966DD58AE5C7FED57B5B5D77 /* [CP] Embed Pods Frameworks */,
			);
			buildRules = (
			);
			dependencies = (
			);
			name = Messenger;
			productName = Messenger;
			productReference = C98757782781D2E800E233B4 /* Messenger.app */;
			productType = "com.apple.product-type.application";
		};
/* End PBXNativeTarget section */

/* Begin PBXProject section */
		C98757702781D2E800E233B4 /* Project object */ = {
			isa = PBXProject;
			attributes = {
				BuildIndependentTargetsInParallel = 1;
				LastSwiftUpdateCheck = 1310;
				LastUpgradeCheck = 1310;
				TargetAttributes = {
					C98757772781D2E800E233B4 = {
						CreatedOnToolsVersion = 13.1;
					};
				};
			};
			buildConfigurationList = C98757732781D2E800E233B4 /* Build configuration list for PBXProject "Messenger" */;
			compatibilityVersion = "Xcode 13.0";
			developmentRegion = en;
			hasScannedForEncodings = 0;
			knownRegions = (
				en,
				Base,
			);
			mainGroup = C987576F2781D2E800E233B4;
			productRefGroup = C98757792781D2E800E233B4 /* Products */;
			projectDirPath = "";
			projectRoot = "";
			targets = (
				C98757772781D2E800E233B4 /* Messenger */,
			);
		};
/* End PBXProject section */

/* Begin PBXResourcesBuildPhase section */
		C98757762781D2E800E233B4 /* Resources */ = {
			isa = PBXResourcesBuildPhase;
			buildActionMask = 2147483647;
			files = (
				C98757882781D2EA00E233B4 /* LaunchScreen.storyboard in Resources */,
				C98757902781D8F800E233B4 /* GoogleService-Info.plist in Resources */,
				C98757852781D2EA00E233B4 /* Assets.xcassets in Resources */,
				C98757832781D2E800E233B4 /* Main.storyboard in Resources */,
			);
			runOnlyForDeploymentPostprocessing = 0;
		};
/* End PBXResourcesBuildPhase section */

/* Begin PBXShellScriptBuildPhase section */
		30482C96315109005D68B313 /* [CP] Check Pods Manifest.lock */ = {
			isa = PBXShellScriptBuildPhase;
			buildActionMask = 2147483647;
			files = (
			);
			inputFileListPaths = (
			);
			inputPaths = (
				"${PODS_PODFILE_DIR_PATH}/Podfile.lock",
				"${PODS_ROOT}/Manifest.lock",
			);
			name = "[CP] Check Pods Manifest.lock";
			outputFileListPaths = (
			);
			outputPaths = (
				"$(DERIVED_FILE_DIR)/Pods-Messenger-checkManifestLockResult.txt",
			);
			runOnlyForDeploymentPostprocessing = 0;
			shellPath = /bin/sh;
			shellScript = "diff \"${PODS_PODFILE_DIR_PATH}/Podfile.lock\" \"${PODS_ROOT}/Manifest.lock\" > /dev/null\nif [ $? != 0 ] ; then\n    # print error to STDERR\n    echo \"error: The sandbox is not in sync with the Podfile.lock. Run 'pod install' or update your CocoaPods installation.\" >&2\n    exit 1\nfi\n# This output is used by Xcode 'outputs' to avoid re-running this script phase.\necho \"SUCCESS\" > \"${SCRIPT_OUTPUT_FILE_0}\"\n";
			showEnvVarsInLog = 0;
		};
		966DD58AE5C7FED57B5B5D77 /* [CP] Embed Pods Frameworks */ = {
			isa = PBXShellScriptBuildPhase;
			buildActionMask = 2147483647;
			files = (
			);
			inputFileListPaths = (
				"${PODS_ROOT}/Target Support Files/Pods-Messenger/Pods-Messenger-frameworks-${CONFIGURATION}-input-files.xcfilelist",
			);
			name = "[CP] Embed Pods Frameworks";
			outputFileListPaths = (
				"${PODS_ROOT}/Target Support Files/Pods-Messenger/Pods-Messenger-frameworks-${CONFIGURATION}-output-files.xcfilelist",
			);
			runOnlyForDeploymentPostprocessing = 0;
			shellPath = /bin/sh;
			shellScript = "\"${PODS_ROOT}/Target Support Files/Pods-Messenger/Pods-Messenger-frameworks.sh\"\n";
			showEnvVarsInLog = 0;
		};
/* End PBXShellScriptBuildPhase section */

/* Begin PBXSourcesBuildPhase section */
		C98757742781D2E800E233B4 /* Sources */ = {
			isa = PBXSourcesBuildPhase;
			buildActionMask = 2147483647;
			files = (
				C9D7F76F27A73AF800334718 /* RecentChat.swift in Sources */,
				C9BB339F278C656B00FC2179 /* GlobalFunctions.swift in Sources */,
				C9D7F77127A7C58600334718 /* RecentTableViewCell.swift in Sources */,
				C9FAA04B27BEA65200371019 /* MessegeLayoutDelegate.swift in Sources */,
				C990E4A927A97F8100A94C8C /* FirebaseRecentListener.swift in Sources */,
				C9FAA04D27BEA68200371019 /* InputBarAccessoryViewDelegate.swift in Sources */,
				C9FAA04F27BEA8FA00371019 /* MessageKitDefaults.swift in Sources */,
				C98757972783534B00E233B4 /* FCollectionReference.swift in Sources */,
				C9FAA04727BEA2E600371019 /* MessageCellDelegate.swift in Sources */,
				C9D7F76527A0A3EB00334718 /* UsersTableViewController.swift in Sources */,
				C9BB339D278B006900FC2179 /* FileStorage.swift in Sources */,
				C9875792278338A900E233B4 /* User.swift in Sources */,
				C9D7F76327A0A3BC00334718 /* UserTableViewCell.swift in Sources */,
				C98757802781D2E800E233B4 /* LoginViewController.swift in Sources */,
				C9D7F76C27A6EFA900334718 /* ProfileTableViewController.swift in Sources */,
				C987577C2781D2E800E233B4 /* AppDelegate.swift in Sources */,
				C987579F2785BE0900E233B4 /* SettingsTableViewController.swift in Sources */,
				C9BB33A1278D990200FC2179 /* Extensions.swift in Sources */,
				C98757A127873DB100E233B4 /* EditProfileTableViewController.swift in Sources */,
				C9BB33A5278DC8E600FC2179 /* StatusTableViewController.swift in Sources */,
				C9FAA04227BBECCA00371019 /* ChatViewController.swift in Sources */,
				C9BB33A3278DB3A400FC2179 /* Status.swift in Sources */,
				C9FAA04927BEA30D00371019 /* MessageDisplayDelegate.swift in Sources */,
				C9FAA04427BEA2AC00371019 /* MessageDataSource.swift in Sources */,
				C9CB4E7C27C2372C00C6DD83 /* LocalMessages.swift in Sources */,
				C9CB4E8A27C4C3FD00C6DD83 /* RealmManager.swift in Sources */,
				C9FAA04027BBC6FA00371019 /* ChatsTableViewController.swift in Sources */,
				C990E4A727A97A0D00A94C8C /* StartChat.swift in Sources */,
				C987579D2784C5E400E233B4 /* Constants.swift in Sources */,
				C987579A278354C000E233B4 /* FirebaseUserListener.swift in Sources */,
				C987577E2781D2E800E233B4 /* SceneDelegate.swift in Sources */,
				C9FAA05127BEAAF300371019 /* MKMessage.swift in Sources */,
			);
			runOnlyForDeploymentPostprocessing = 0;
		};
/* End PBXSourcesBuildPhase section */

/* Begin PBXVariantGroup section */
		C98757812781D2E800E233B4 /* Main.storyboard */ = {
			isa = PBXVariantGroup;
			children = (
				C98757822781D2E800E233B4 /* Base */,
			);
			name = Main.storyboard;
			sourceTree = "<group>";
		};
		C98757862781D2EA00E233B4 /* LaunchScreen.storyboard */ = {
			isa = PBXVariantGroup;
			children = (
				C98757872781D2EA00E233B4 /* Base */,
			);
			name = LaunchScreen.storyboard;
			sourceTree = "<group>";
		};
/* End PBXVariantGroup section */

/* Begin XCBuildConfiguration section */
		C987578A2781D2EA00E233B4 /* Debug */ = {
			isa = XCBuildConfiguration;
			buildSettings = {
				ALWAYS_SEARCH_USER_PATHS = NO;
				CLANG_ANALYZER_NONNULL = YES;
				CLANG_ANALYZER_NUMBER_OBJECT_CONVERSION = YES_AGGRESSIVE;
				CLANG_CXX_LANGUAGE_STANDARD = "gnu++17";
				CLANG_CXX_LIBRARY = "libc++";
				CLANG_ENABLE_MODULES = YES;
				CLANG_ENABLE_OBJC_ARC = YES;
				CLANG_ENABLE_OBJC_WEAK = YES;
				CLANG_WARN_BLOCK_CAPTURE_AUTORELEASING = YES;
				CLANG_WARN_BOOL_CONVERSION = YES;
				CLANG_WARN_COMMA = YES;
				CLANG_WARN_CONSTANT_CONVERSION = YES;
				CLANG_WARN_DEPRECATED_OBJC_IMPLEMENTATIONS = YES;
				CLANG_WARN_DIRECT_OBJC_ISA_USAGE = YES_ERROR;
				CLANG_WARN_DOCUMENTATION_COMMENTS = YES;
				CLANG_WARN_EMPTY_BODY = YES;
				CLANG_WARN_ENUM_CONVERSION = YES;
				CLANG_WARN_INFINITE_RECURSION = YES;
				CLANG_WARN_INT_CONVERSION = YES;
				CLANG_WARN_NON_LITERAL_NULL_CONVERSION = YES;
				CLANG_WARN_OBJC_IMPLICIT_RETAIN_SELF = YES;
				CLANG_WARN_OBJC_LITERAL_CONVERSION = YES;
				CLANG_WARN_OBJC_ROOT_CLASS = YES_ERROR;
				CLANG_WARN_QUOTED_INCLUDE_IN_FRAMEWORK_HEADER = YES;
				CLANG_WARN_RANGE_LOOP_ANALYSIS = YES;
				CLANG_WARN_STRICT_PROTOTYPES = YES;
				CLANG_WARN_SUSPICIOUS_MOVE = YES;
				CLANG_WARN_UNGUARDED_AVAILABILITY = YES_AGGRESSIVE;
				CLANG_WARN_UNREACHABLE_CODE = YES;
				CLANG_WARN__DUPLICATE_METHOD_MATCH = YES;
				COPY_PHASE_STRIP = NO;
				DEBUG_INFORMATION_FORMAT = dwarf;
				ENABLE_STRICT_OBJC_MSGSEND = YES;
				ENABLE_TESTABILITY = YES;
				GCC_C_LANGUAGE_STANDARD = gnu11;
				GCC_DYNAMIC_NO_PIC = NO;
				GCC_NO_COMMON_BLOCKS = YES;
				GCC_OPTIMIZATION_LEVEL = 0;
				GCC_PREPROCESSOR_DEFINITIONS = (
					"DEBUG=1",
					"$(inherited)",
				);
				GCC_WARN_64_TO_32_BIT_CONVERSION = YES;
				GCC_WARN_ABOUT_RETURN_TYPE = YES_ERROR;
				GCC_WARN_UNDECLARED_SELECTOR = YES;
				GCC_WARN_UNINITIALIZED_AUTOS = YES_AGGRESSIVE;
				GCC_WARN_UNUSED_FUNCTION = YES;
				GCC_WARN_UNUSED_VARIABLE = YES;
				IPHONEOS_DEPLOYMENT_TARGET = 15.0;
				MTL_ENABLE_DEBUG_INFO = INCLUDE_SOURCE;
				MTL_FAST_MATH = YES;
				ONLY_ACTIVE_ARCH = YES;
				SDKROOT = iphoneos;
				SWIFT_ACTIVE_COMPILATION_CONDITIONS = DEBUG;
				SWIFT_OPTIMIZATION_LEVEL = "-Onone";
			};
			name = Debug;
		};
		C987578B2781D2EA00E233B4 /* Release */ = {
			isa = XCBuildConfiguration;
			buildSettings = {
				ALWAYS_SEARCH_USER_PATHS = NO;
				CLANG_ANALYZER_NONNULL = YES;
				CLANG_ANALYZER_NUMBER_OBJECT_CONVERSION = YES_AGGRESSIVE;
				CLANG_CXX_LANGUAGE_STANDARD = "gnu++17";
				CLANG_CXX_LIBRARY = "libc++";
				CLANG_ENABLE_MODULES = YES;
				CLANG_ENABLE_OBJC_ARC = YES;
				CLANG_ENABLE_OBJC_WEAK = YES;
				CLANG_WARN_BLOCK_CAPTURE_AUTORELEASING = YES;
				CLANG_WARN_BOOL_CONVERSION = YES;
				CLANG_WARN_COMMA = YES;
				CLANG_WARN_CONSTANT_CONVERSION = YES;
				CLANG_WARN_DEPRECATED_OBJC_IMPLEMENTATIONS = YES;
				CLANG_WARN_DIRECT_OBJC_ISA_USAGE = YES_ERROR;
				CLANG_WARN_DOCUMENTATION_COMMENTS = YES;
				CLANG_WARN_EMPTY_BODY = YES;
				CLANG_WARN_ENUM_CONVERSION = YES;
				CLANG_WARN_INFINITE_RECURSION = YES;
				CLANG_WARN_INT_CONVERSION = YES;
				CLANG_WARN_NON_LITERAL_NULL_CONVERSION = YES;
				CLANG_WARN_OBJC_IMPLICIT_RETAIN_SELF = YES;
				CLANG_WARN_OBJC_LITERAL_CONVERSION = YES;
				CLANG_WARN_OBJC_ROOT_CLASS = YES_ERROR;
				CLANG_WARN_QUOTED_INCLUDE_IN_FRAMEWORK_HEADER = YES;
				CLANG_WARN_RANGE_LOOP_ANALYSIS = YES;
				CLANG_WARN_STRICT_PROTOTYPES = YES;
				CLANG_WARN_SUSPICIOUS_MOVE = YES;
				CLANG_WARN_UNGUARDED_AVAILABILITY = YES_AGGRESSIVE;
				CLANG_WARN_UNREACHABLE_CODE = YES;
				CLANG_WARN__DUPLICATE_METHOD_MATCH = YES;
				COPY_PHASE_STRIP = NO;
				DEBUG_INFORMATION_FORMAT = "dwarf-with-dsym";
				ENABLE_NS_ASSERTIONS = NO;
				ENABLE_STRICT_OBJC_MSGSEND = YES;
				GCC_C_LANGUAGE_STANDARD = gnu11;
				GCC_NO_COMMON_BLOCKS = YES;
				GCC_WARN_64_TO_32_BIT_CONVERSION = YES;
				GCC_WARN_ABOUT_RETURN_TYPE = YES_ERROR;
				GCC_WARN_UNDECLARED_SELECTOR = YES;
				GCC_WARN_UNINITIALIZED_AUTOS = YES_AGGRESSIVE;
				GCC_WARN_UNUSED_FUNCTION = YES;
				GCC_WARN_UNUSED_VARIABLE = YES;
				IPHONEOS_DEPLOYMENT_TARGET = 15.0;
				MTL_ENABLE_DEBUG_INFO = NO;
				MTL_FAST_MATH = YES;
				SDKROOT = iphoneos;
				SWIFT_COMPILATION_MODE = wholemodule;
				SWIFT_OPTIMIZATION_LEVEL = "-O";
				VALIDATE_PRODUCT = YES;
			};
			name = Release;
		};
		C987578D2781D2EA00E233B4 /* Debug */ = {
			isa = XCBuildConfiguration;
			baseConfigurationReference = ADF77E45942406D7265C3569 /* Pods-Messenger.debug.xcconfig */;
			buildSettings = {
				ASSETCATALOG_COMPILER_APPICON_NAME = AppIcon;
				ASSETCATALOG_COMPILER_GLOBAL_ACCENT_COLOR_NAME = AccentColor;
				CODE_SIGN_STYLE = Automatic;
				CURRENT_PROJECT_VERSION = 1;
				DEVELOPMENT_TEAM = 4WTY3UWA6P;
				GENERATE_INFOPLIST_FILE = YES;
				INFOPLIST_FILE = Messenger/Info.plist;
				INFOPLIST_KEY_UIApplicationSupportsIndirectInputEvents = YES;
				INFOPLIST_KEY_UILaunchStoryboardName = LaunchScreen;
				INFOPLIST_KEY_UIMainStoryboardFile = Main;
				INFOPLIST_KEY_UISupportedInterfaceOrientations_iPad = "UIInterfaceOrientationPortrait UIInterfaceOrientationPortraitUpsideDown UIInterfaceOrientationLandscapeLeft UIInterfaceOrientationLandscapeRight";
				INFOPLIST_KEY_UISupportedInterfaceOrientations_iPhone = "UIInterfaceOrientationPortrait UIInterfaceOrientationLandscapeLeft UIInterfaceOrientationLandscapeRight";
				LD_RUNPATH_SEARCH_PATHS = (
					"$(inherited)",
					"@executable_path/Frameworks",
				);
				MARKETING_VERSION = 1.0;
				PRODUCT_BUNDLE_IDENTIFIER = com.zioni.Messenger;
				PRODUCT_NAME = "$(TARGET_NAME)";
				SWIFT_EMIT_LOC_STRINGS = YES;
				SWIFT_VERSION = 5.0;
				TARGETED_DEVICE_FAMILY = "1,2";
			};
			name = Debug;
		};
		C987578E2781D2EA00E233B4 /* Release */ = {
			isa = XCBuildConfiguration;
			baseConfigurationReference = 3744EB1F42A00399BBA7D301 /* Pods-Messenger.release.xcconfig */;
			buildSettings = {
				ASSETCATALOG_COMPILER_APPICON_NAME = AppIcon;
				ASSETCATALOG_COMPILER_GLOBAL_ACCENT_COLOR_NAME = AccentColor;
				CODE_SIGN_STYLE = Automatic;
				CURRENT_PROJECT_VERSION = 1;
				DEVELOPMENT_TEAM = 4WTY3UWA6P;
				GENERATE_INFOPLIST_FILE = YES;
				INFOPLIST_FILE = Messenger/Info.plist;
				INFOPLIST_KEY_UIApplicationSupportsIndirectInputEvents = YES;
				INFOPLIST_KEY_UILaunchStoryboardName = LaunchScreen;
				INFOPLIST_KEY_UIMainStoryboardFile = Main;
				INFOPLIST_KEY_UISupportedInterfaceOrientations_iPad = "UIInterfaceOrientationPortrait UIInterfaceOrientationPortraitUpsideDown UIInterfaceOrientationLandscapeLeft UIInterfaceOrientationLandscapeRight";
				INFOPLIST_KEY_UISupportedInterfaceOrientations_iPhone = "UIInterfaceOrientationPortrait UIInterfaceOrientationLandscapeLeft UIInterfaceOrientationLandscapeRight";
				LD_RUNPATH_SEARCH_PATHS = (
					"$(inherited)",
					"@executable_path/Frameworks",
				);
				MARKETING_VERSION = 1.0;
				PRODUCT_BUNDLE_IDENTIFIER = com.zioni.Messenger;
				PRODUCT_NAME = "$(TARGET_NAME)";
				SWIFT_EMIT_LOC_STRINGS = YES;
				SWIFT_VERSION = 5.0;
				TARGETED_DEVICE_FAMILY = "1,2";
			};
			name = Release;
		};
/* End XCBuildConfiguration section */

/* Begin XCConfigurationList section */
		C98757732781D2E800E233B4 /* Build configuration list for PBXProject "Messenger" */ = {
			isa = XCConfigurationList;
			buildConfigurations = (
				C987578A2781D2EA00E233B4 /* Debug */,
				C987578B2781D2EA00E233B4 /* Release */,
			);
			defaultConfigurationIsVisible = 0;
			defaultConfigurationName = Release;
		};
		C987578C2781D2EA00E233B4 /* Build configuration list for PBXNativeTarget "Messenger" */ = {
			isa = XCConfigurationList;
			buildConfigurations = (
				C987578D2781D2EA00E233B4 /* Debug */,
				C987578E2781D2EA00E233B4 /* Release */,
			);
			defaultConfigurationIsVisible = 0;
			defaultConfigurationName = Release;
		};
/* End XCConfigurationList section */
	};
	rootObject = C98757702781D2E800E233B4 /* Project object */;
}
